
Microsoft Visual Studio Solution File, Format Version 12.00
# Visual Studio 14
VisualStudioVersion = 14.0.25420.1
MinimumVisualStudioVersion = 10.0.40219.1
Project("{FAE04EC0-301F-11D3-BF4B-00C04F79EFBC}") = "EulerSharp.Problem1", "EulerSharp.Problem1\EulerSharp.Problem1.csproj", "{C7FA57DA-762B-4E64-9E48-35F63133786E}"
EndProject
Project("{FAE04EC0-301F-11D3-BF4B-00C04F79EFBC}") = "EulerSharp.Problem2", "EulerSharp.Problem2\EulerSharp.Problem2.csproj", "{F5CE0FB0-3222-46B7-B441-E44C0ABD40A8}"
EndProject
Project("{FAE04EC0-301F-11D3-BF4B-00C04F79EFBC}") = "EulerSharp.Problem3", "EulerSharp.Problem3\EulerSharp.Problem3.csproj", "{3DD983FB-C7A2-4C2F-A6B8-ADE4F08C1D6E}"
EndProject
Project("{FAE04EC0-301F-11D3-BF4B-00C04F79EFBC}") = "EulerSharp.Problem3.Optimized", "EulerSharp.Problem3.Optimized\EulerSharp.Problem3.Optimized.csproj", "{930C67B8-FBE5-4A81-8C50-B39664ECABA8}"
EndProject
Project("{FAE04EC0-301F-11D3-BF4B-00C04F79EFBC}") = "EulerSharp.Problem4", "EulerSharp.Problem4\EulerSharp.Problem4.csproj", "{ADBBAC2C-AB0E-40FA-AC65-368C97428939}"
EndProject
Project("{FAE04EC0-301F-11D3-BF4B-00C04F79EFBC}") = "EulerSharp.Problem5", "EulerSharp.Problem5\EulerSharp.Problem5.csproj", "{EB5151D5-D6BA-4823-BCF8-4EC6B6EFF19C}"
EndProject
Project("{FAE04EC0-301F-11D3-BF4B-00C04F79EFBC}") = "EulerSharp.Problem6", "EulerSharp.Problem6\EulerSharp.Problem6.csproj", "{F3284E3A-641D-4338-A97F-7419130A16E6}"
EndProject
Project("{FAE04EC0-301F-11D3-BF4B-00C04F79EFBC}") = "EulerSharp.Problem6.Optimized", "EulerSharp.Problem6.Optimized\EulerSharp.Problem6.Optimized.csproj", "{71C6B2BD-29DC-4B9A-BB2D-37AEC03BEEC0}"
EndProject
Project("{FAE04EC0-301F-11D3-BF4B-00C04F79EFBC}") = "EulerSharp.Problem7", "EulerSharp.Problem7\EulerSharp.Problem7.csproj", "{DE9BD512-95C2-4214-B128-15727F3A76AD}"
EndProject
Global
	GlobalSection(SolutionConfigurationPlatforms) = preSolution
		Debug|Any CPU = Debug|Any CPU
		Release|Any CPU = Release|Any CPU
	EndGlobalSection
	GlobalSection(ProjectConfigurationPlatforms) = postSolution
		{C7FA57DA-762B-4E64-9E48-35F63133786E}.Debug|Any CPU.ActiveCfg = Debug|Any CPU
		{C7FA57DA-762B-4E64-9E48-35F63133786E}.Debug|Any CPU.Build.0 = Debug|Any CPU
		{C7FA57DA-762B-4E64-9E48-35F63133786E}.Release|Any CPU.ActiveCfg = Release|Any CPU
		{C7FA57DA-762B-4E64-9E48-35F63133786E}.Release|Any CPU.Build.0 = Release|Any CPU
		{F5CE0FB0-3222-46B7-B441-E44C0ABD40A8}.Debug|Any CPU.ActiveCfg = Debug|Any CPU
		{F5CE0FB0-3222-46B7-B441-E44C0ABD40A8}.Debug|Any CPU.Build.0 = Debug|Any CPU
		{F5CE0FB0-3222-46B7-B441-E44C0ABD40A8}.Release|Any CPU.ActiveCfg = Release|Any CPU
		{F5CE0FB0-3222-46B7-B441-E44C0ABD40A8}.Release|Any CPU.Build.0 = Release|Any CPU
		{3DD983FB-C7A2-4C2F-A6B8-ADE4F08C1D6E}.Debug|Any CPU.ActiveCfg = Debug|Any CPU
		{3DD983FB-C7A2-4C2F-A6B8-ADE4F08C1D6E}.Debug|Any CPU.Build.0 = Debug|Any CPU
		{3DD983FB-C7A2-4C2F-A6B8-ADE4F08C1D6E}.Release|Any CPU.ActiveCfg = Release|Any CPU
		{3DD983FB-C7A2-4C2F-A6B8-ADE4F08C1D6E}.Release|Any CPU.Build.0 = Release|Any CPU
		{930C67B8-FBE5-4A81-8C50-B39664ECABA8}.Debug|Any CPU.ActiveCfg = Debug|Any CPU
		{930C67B8-FBE5-4A81-8C50-B39664ECABA8}.Debug|Any CPU.Build.0 = Debug|Any CPU
		{930C67B8-FBE5-4A81-8C50-B39664ECABA8}.Release|Any CPU.ActiveCfg = Release|Any CPU
		{930C67B8-FBE5-4A81-8C50-B39664ECABA8}.Release|Any CPU.Build.0 = Release|Any CPU
		{ADBBAC2C-AB0E-40FA-AC65-368C97428939}.Debug|Any CPU.ActiveCfg = Debug|Any CPU
		{ADBBAC2C-AB0E-40FA-AC65-368C97428939}.Debug|Any CPU.Build.0 = Debug|Any CPU
		{ADBBAC2C-AB0E-40FA-AC65-368C97428939}.Release|Any CPU.ActiveCfg = Release|Any CPU
		{ADBBAC2C-AB0E-40FA-AC65-368C97428939}.Release|Any CPU.Build.0 = Release|Any CPU
		{EB5151D5-D6BA-4823-BCF8-4EC6B6EFF19C}.Debug|Any CPU.ActiveCfg = Debug|Any CPU
		{EB5151D5-D6BA-4823-BCF8-4EC6B6EFF19C}.Debug|Any CPU.Build.0 = Debug|Any CPU
		{EB5151D5-D6BA-4823-BCF8-4EC6B6EFF19C}.Release|Any CPU.ActiveCfg = Release|Any CPU
		{EB5151D5-D6BA-4823-BCF8-4EC6B6EFF19C}.Release|Any CPU.Build.0 = Release|Any CPU
		{F3284E3A-641D-4338-A97F-7419130A16E6}.Debug|Any CPU.ActiveCfg = Debug|Any CPU
		{F3284E3A-641D-4338-A97F-7419130A16E6}.Debug|Any CPU.Build.0 = Debug|Any CPU
		{F3284E3A-641D-4338-A97F-7419130A16E6}.Release|Any CPU.ActiveCfg = Release|Any CPU
		{F3284E3A-641D-4338-A97F-7419130A16E6}.Release|Any CPU.Build.0 = Release|Any CPU
		{71C6B2BD-29DC-4B9A-BB2D-37AEC03BEEC0}.Debug|Any CPU.ActiveCfg = Debug|Any CPU
		{71C6B2BD-29DC-4B9A-BB2D-37AEC03BEEC0}.Debug|Any CPU.Build.0 = Debug|Any CPU
		{71C6B2BD-29DC-4B9A-BB2D-37AEC03BEEC0}.Release|Any CPU.ActiveCfg = Release|Any CPU
		{71C6B2BD-29DC-4B9A-BB2D-37AEC03BEEC0}.Release|Any CPU.Build.0 = Release|Any CPU
		{DE9BD512-95C2-4214-B128-15727F3A76AD}.Debug|Any CPU.ActiveCfg = Debug|Any CPU
		{DE9BD512-95C2-4214-B128-15727F3A76AD}.Debug|Any CPU.Build.0 = Debug|Any CPU
		{DE9BD512-95C2-4214-B128-15727F3A76AD}.Release|Any CPU.ActiveCfg = Release|Any CPU
		{DE9BD512-95C2-4214-B128-15727F3A76AD}.Release|Any CPU.Build.0 = Release|Any CPU
	EndGlobalSection
	GlobalSection(SolutionProperties) = preSolution
		HideSolutionNode = FALSE
	EndGlobalSection
EndGlobal
