
Microsoft Visual Studio Solution File, Format Version 12.00
# Visual Studio 14
VisualStudioVersion = 14.0.25420.1
MinimumVisualStudioVersion = 10.0.40219.1
Project("{FAE04EC0-301F-11D3-BF4B-00C04F79EFBC}") = "EulerSharp.Problem1", "EulerSharp.Problem1\EulerSharp.Problem1.csproj", "{C7FA57DA-762B-4E64-9E48-35F63133786E}"
EndProject
Project("{FAE04EC0-301F-11D3-BF4B-00C04F79EFBC}") = "EulerSharp.Problem2", "EulerSharp.Problem2\EulerSharp.Problem2.csproj", "{F5CE0FB0-3222-46B7-B441-E44C0ABD40A8}"
EndProject
Global
	GlobalSection(SolutionConfigurationPlatforms) = preSolution
		Debug|Any CPU = Debug|Any CPU
		Release|Any CPU = Release|Any CPU
	EndGlobalSection
	GlobalSection(ProjectConfigurationPlatforms) = postSolution
		{C7FA57DA-762B-4E64-9E48-35F63133786E}.Debug|Any CPU.ActiveCfg = Debug|Any CPU
		{C7FA57DA-762B-4E64-9E48-35F63133786E}.Debug|Any CPU.Build.0 = Debug|Any CPU
		{C7FA57DA-762B-4E64-9E48-35F63133786E}.Release|Any CPU.ActiveCfg = Release|Any CPU
		{C7FA57DA-762B-4E64-9E48-35F63133786E}.Release|Any CPU.Build.0 = Release|Any CPU
		{F5CE0FB0-3222-46B7-B441-E44C0ABD40A8}.Debug|Any CPU.ActiveCfg = Debug|Any CPU
		{F5CE0FB0-3222-46B7-B441-E44C0ABD40A8}.Debug|Any CPU.Build.0 = Debug|Any CPU
		{F5CE0FB0-3222-46B7-B441-E44C0ABD40A8}.Release|Any CPU.ActiveCfg = Release|Any CPU
		{F5CE0FB0-3222-46B7-B441-E44C0ABD40A8}.Release|Any CPU.Build.0 = Release|Any CPU
	EndGlobalSection
	GlobalSection(SolutionProperties) = preSolution
		HideSolutionNode = FALSE
	EndGlobalSection
EndGlobal
